
Microsoft Visual Studio Solution File, Format Version 12.00
# Visual Studio Version 16
VisualStudioVersion = 16.0.30413.136
MinimumVisualStudioVersion = 10.0.40219.1
Project("{9A19103F-16F7-4668-BE54-9A1E7A4F7556}") = "BlogOblig", "BlogOblig\BlogOblig.csproj", "{64DEE092-7387-4F5A-AF3E-D779F5743110}"
EndProject
Project("{FAE04EC0-301F-11D3-BF4B-00C04F79EFBC}") = "UnitTestProject", "UnitTestProject\UnitTestProject.csproj", "{45993D49-0C9E-40B0-ADB9-5ECC43FE79DF}"
EndProject
Global
	GlobalSection(SolutionConfigurationPlatforms) = preSolution
		Debug|Any CPU = Debug|Any CPU
		Release|Any CPU = Release|Any CPU
	EndGlobalSection
	GlobalSection(ProjectConfigurationPlatforms) = postSolution
		{64DEE092-7387-4F5A-AF3E-D779F5743110}.Debug|Any CPU.ActiveCfg = Debug|Any CPU
		{64DEE092-7387-4F5A-AF3E-D779F5743110}.Debug|Any CPU.Build.0 = Debug|Any CPU
		{64DEE092-7387-4F5A-AF3E-D779F5743110}.Release|Any CPU.ActiveCfg = Release|Any CPU
		{64DEE092-7387-4F5A-AF3E-D779F5743110}.Release|Any CPU.Build.0 = Release|Any CPU
		{45993D49-0C9E-40B0-ADB9-5ECC43FE79DF}.Debug|Any CPU.ActiveCfg = Debug|Any CPU
		{45993D49-0C9E-40B0-ADB9-5ECC43FE79DF}.Debug|Any CPU.Build.0 = Debug|Any CPU
		{45993D49-0C9E-40B0-ADB9-5ECC43FE79DF}.Release|Any CPU.ActiveCfg = Release|Any CPU
		{45993D49-0C9E-40B0-ADB9-5ECC43FE79DF}.Release|Any CPU.Build.0 = Release|Any CPU
	EndGlobalSection
	GlobalSection(SolutionProperties) = preSolution
		HideSolutionNode = FALSE
	EndGlobalSection
	GlobalSection(ExtensibilityGlobals) = postSolution
		SolutionGuid = {E3D77599-A056-4EB1-B571-6CA5809A9655}
	EndGlobalSection
EndGlobal
